
Microsoft Visual Studio Solution File, Format Version 12.00
Project("{FAE04EC0-301F-11D3-BF4B-00C04F79EFBC}") = "GetResearch", "GetResearch\GetResearch.csproj", "{E9BBA2A8-C93D-4B86-8EE7-B8038E29C71B}"
EndProject
Global
	GlobalSection(SolutionConfigurationPlatforms) = preSolution
		Debug|Any CPU = Debug|Any CPU
		Release|Any CPU = Release|Any CPU
	EndGlobalSection
	GlobalSection(ProjectConfigurationPlatforms) = postSolution
		{E9BBA2A8-C93D-4B86-8EE7-B8038E29C71B}.Debug|Any CPU.ActiveCfg = Debug|Any CPU
		{E9BBA2A8-C93D-4B86-8EE7-B8038E29C71B}.Debug|Any CPU.Build.0 = Debug|Any CPU
		{E9BBA2A8-C93D-4B86-8EE7-B8038E29C71B}.Release|Any CPU.ActiveCfg = Release|Any CPU
		{E9BBA2A8-C93D-4B86-8EE7-B8038E29C71B}.Release|Any CPU.Build.0 = Release|Any CPU
	EndGlobalSection
EndGlobal
